
Microsoft Visual Studio Solution File, Format Version 11.00
# Visual Studio 2010
Project("{2150E333-8FDC-42A3-9474-1A3956D46DE8}") = "Foundation", "Foundation", "{2DC4C0C3-16D9-4BE7-8E65-97B0858CF54B}"
EndProject
Project("{2150E333-8FDC-42A3-9474-1A3956D46DE8}") = "Dependence", "Dependence", "{3589FA78-C468-46F7-ADC8-008126D2E9F9}"
	ProjectSection(SolutionItems) = preProject
		Dependence\ICSharpCode.SharpZipLib.dll = Dependence\ICSharpCode.SharpZipLib.dll
		Dependence\log4net.dll = Dependence\log4net.dll
		Dependence\Lucene.Net.dll = Dependence\Lucene.Net.dll
		Dependence\Memcached.ClientLibrary.dll = Dependence\Memcached.ClientLibrary.dll
		Dependence\Ninject.dll = Dependence\Ninject.dll
		Dependence\nunit.framework.dll = Dependence\nunit.framework.dll
	EndProjectSection
EndProject
Project("{2150E333-8FDC-42A3-9474-1A3956D46DE8}") = "Repository", "Repository", "{37F06C41-FD6B-43B9-B94F-7A98FBB03A4C}"
EndProject
Project("{2150E333-8FDC-42A3-9474-1A3956D46DE8}") = "Service", "Service", "{B2237257-C1A6-4C20-80EC-6E9D33330356}"
EndProject
Project("{2150E333-8FDC-42A3-9474-1A3956D46DE8}") = "WindowsService", "WindowsService", "{91986F78-2838-491C-94A5-39D630C34DF7}"
EndProject
Project("{2150E333-8FDC-42A3-9474-1A3956D46DE8}") = "Testing", "Testing", "{2E56DFC7-FA18-4917-9D52-6F62115E46D5}"
EndProject
Project("{2150E333-8FDC-42A3-9474-1A3956D46DE8}") = "IOC", "IOC", "{56D483E3-CD18-4A26-9953-11979F1AB6E0}"
EndProject
Project("{2150E333-8FDC-42A3-9474-1A3956D46DE8}") = "UI", "UI", "{301D1262-A355-48B3-9445-4DAA67788F6D}"
EndProject
Project("{2150E333-8FDC-42A3-9474-1A3956D46DE8}") = "Auth", "Auth", "{A369AD97-2002-4704-9727-F551BD85C4B0}"
EndProject
Project("{2150E333-8FDC-42A3-9474-1A3956D46DE8}") = "Account", "Account", "{61DA42EC-9999-44EF-8707-6BEA7B179E40}"
EndProject
Project("{FAE04EC0-301F-11D3-BF4B-00C04F79EFBC}") = "Loopc.UI.Account.Web", "UI\Account\Loopc.UI.Account.Web\Loopc.UI.Account.Web.csproj", "{7982F693-A342-43F7-A3E0-80656AD993A3}"
EndProject
Project("{FAE04EC0-301F-11D3-BF4B-00C04F79EFBC}") = "Loopc.UI.Account.Controllers", "UI\Account\Loopc.UI.Account.Controllers\Loopc.UI.Account.Controllers.csproj", "{CB7EFD42-DE83-4108-B1F0-B978E61ECF2B}"
EndProject
Project("{FAE04EC0-301F-11D3-BF4B-00C04F79EFBC}") = "Loopc.UI.Account.ViewModel", "UI\Account\Loopc.UI.Account.ViewModel\Loopc.UI.Account.ViewModel.csproj", "{CF3B012A-360F-40CA-97C4-D066EED1FF4E}"
EndProject
Project("{FAE04EC0-301F-11D3-BF4B-00C04F79EFBC}") = "Loopc.UI.Auth.Web", "UI\Auth\Loopc.UI.Auth.Web\Loopc.UI.Auth.Web.csproj", "{E848D289-1D47-4FF4-A846-E41B33A44947}"
EndProject
Project("{FAE04EC0-301F-11D3-BF4B-00C04F79EFBC}") = "Loopc.UI.Auth.Controllers", "UI\Auth\Loopc.UI.Auth.Controllers\Loopc.UI.Auth.Controllers.csproj", "{36AB6FB0-A1DA-4D8C-9735-BA7AC5A9C103}"
EndProject
Project("{FAE04EC0-301F-11D3-BF4B-00C04F79EFBC}") = "Loopc.UI.Auth.ViewModel", "UI\Auth\Loopc.UI.Auth.ViewModel\Loopc.UI.Auth.ViewModel.csproj", "{185ECC27-8809-49B1-A0D9-5FD1050C1BBE}"
EndProject
Project("{FAE04EC0-301F-11D3-BF4B-00C04F79EFBC}") = "Loopc.Foundation", "Foundation\Loopc.Foundation\Loopc.Foundation.csproj", "{57984D76-7332-4F92-9CE3-365876675091}"
EndProject
Project("{FAE04EC0-301F-11D3-BF4B-00C04F79EFBC}") = "Loopc.Foundation.Web", "Foundation\Loopc.Foundation.Web\Loopc.Foundation.Web.csproj", "{C568AECC-799A-441D-85FA-82EE1D429CBB}"
EndProject
Project("{FAE04EC0-301F-11D3-BF4B-00C04F79EFBC}") = "Loopc.IOC", "IOC\Loopc.IOC\Loopc.IOC.csproj", "{BD959F13-8DCB-4234-94E0-68D49EB412E4}"
EndProject
Project("{FAE04EC0-301F-11D3-BF4B-00C04F79EFBC}") = "Loopc.Repository.Entity", "Repository\Loopc.Repository.Entity\Loopc.Repository.Entity.csproj", "{4344B251-B04A-45A8-8A6E-703C347D036B}"
EndProject
Project("{FAE04EC0-301F-11D3-BF4B-00C04F79EFBC}") = "Loopc.Repository.IRepositoryProvider", "Repository\Loopc.Repository.IRepositoryProvider\Loopc.Repository.IRepositoryProvider.csproj", "{DA1750FE-9EDF-40DD-879B-047EBB9A8A5B}"
EndProject
Project("{FAE04EC0-301F-11D3-BF4B-00C04F79EFBC}") = "Loopc.Repository.RepositoryImplmentation", "Repository\Loopc.Repository.RepositoryImplmentation\Loopc.Repository.RepositoryImplmentation.csproj", "{75781F65-48E6-42B2-BBC1-1433D566B05D}"
EndProject
Project("{FAE04EC0-301F-11D3-BF4B-00C04F79EFBC}") = "Loopc.Service.Contract", "Service\Loopc.Service.Contract\Loopc.Service.Contract.csproj", "{45CAB397-F7AF-4D48-8FF3-0E7CD7EF9B55}"
EndProject
Project("{FAE04EC0-301F-11D3-BF4B-00C04F79EFBC}") = "Loopc.Service.IServiceProvider", "Service\Loopc.Service.IServiceProvider\Loopc.Service.IServiceProvider.csproj", "{8077D20A-3F42-4F62-BC20-86773958E5A0}"
EndProject
Project("{FAE04EC0-301F-11D3-BF4B-00C04F79EFBC}") = "Loopc.Service.ServieImplementation", "Service\Loopc.Service.ServieImplementation\Loopc.Service.ServieImplementation.csproj", "{6E96373E-AB6B-4FCA-8A38-D97B4FADF8A9}"
EndProject
Project("{FAE04EC0-301F-11D3-BF4B-00C04F79EFBC}") = "Loopc.Testing.UnitTesting", "Testing\Loopc.Testing.UnitTesting\Loopc.Testing.UnitTesting.csproj", "{E0E89AF1-6B9E-4FEF-B7AD-B4A7FE17B80A}"
EndProject
Project("{FAE04EC0-301F-11D3-BF4B-00C04F79EFBC}") = "Loopc.Testing.IntegrationTesting", "Testing\Loopc.Testing.IntegrationTesting\Loopc.Testing.IntegrationTesting.csproj", "{7F426EFB-7ACE-4673-A111-7CABD0B66F47}"
EndProject
Project("{FAE04EC0-301F-11D3-BF4B-00C04F79EFBC}") = "Loopc.WindowsService.DnsListener", "WindowsService\Loopc.WindowsService.DnsListener\Loopc.WindowsService.DnsListener.csproj", "{8D05B8FB-3181-4531-AA92-4BBB6B064E80}"
EndProject
Project("{FAE04EC0-301F-11D3-BF4B-00C04F79EFBC}") = "Loopc.WindowsService.HttpListener", "WindowsService\Loopc.WindowsService.HttpListener\Loopc.WindowsService.HttpListener.csproj", "{FA2EF64A-7D76-4902-B475-4D71DDD346A8}"
EndProject
Global
	GlobalSection(SolutionConfigurationPlatforms) = preSolution
		Debug|Any CPU = Debug|Any CPU
		Debug|Mixed Platforms = Debug|Mixed Platforms
		Debug|x86 = Debug|x86
		Release|Any CPU = Release|Any CPU
		Release|Mixed Platforms = Release|Mixed Platforms
		Release|x86 = Release|x86
	EndGlobalSection
	GlobalSection(ProjectConfigurationPlatforms) = postSolution
		{7982F693-A342-43F7-A3E0-80656AD993A3}.Debug|Any CPU.ActiveCfg = Debug|Any CPU
		{7982F693-A342-43F7-A3E0-80656AD993A3}.Debug|Any CPU.Build.0 = Debug|Any CPU
		{7982F693-A342-43F7-A3E0-80656AD993A3}.Debug|Mixed Platforms.ActiveCfg = Debug|Any CPU
		{7982F693-A342-43F7-A3E0-80656AD993A3}.Debug|Mixed Platforms.Build.0 = Debug|Any CPU
		{7982F693-A342-43F7-A3E0-80656AD993A3}.Debug|x86.ActiveCfg = Debug|Any CPU
		{7982F693-A342-43F7-A3E0-80656AD993A3}.Release|Any CPU.ActiveCfg = Release|Any CPU
		{7982F693-A342-43F7-A3E0-80656AD993A3}.Release|Any CPU.Build.0 = Release|Any CPU
		{7982F693-A342-43F7-A3E0-80656AD993A3}.Release|Mixed Platforms.ActiveCfg = Release|Any CPU
		{7982F693-A342-43F7-A3E0-80656AD993A3}.Release|Mixed Platforms.Build.0 = Release|Any CPU
		{7982F693-A342-43F7-A3E0-80656AD993A3}.Release|x86.ActiveCfg = Release|Any CPU
		{CB7EFD42-DE83-4108-B1F0-B978E61ECF2B}.Debug|Any CPU.ActiveCfg = Debug|Any CPU
		{CB7EFD42-DE83-4108-B1F0-B978E61ECF2B}.Debug|Any CPU.Build.0 = Debug|Any CPU
		{CB7EFD42-DE83-4108-B1F0-B978E61ECF2B}.Debug|Mixed Platforms.ActiveCfg = Debug|Any CPU
		{CB7EFD42-DE83-4108-B1F0-B978E61ECF2B}.Debug|Mixed Platforms.Build.0 = Debug|Any CPU
		{CB7EFD42-DE83-4108-B1F0-B978E61ECF2B}.Debug|x86.ActiveCfg = Debug|Any CPU
		{CB7EFD42-DE83-4108-B1F0-B978E61ECF2B}.Release|Any CPU.ActiveCfg = Release|Any CPU
		{CB7EFD42-DE83-4108-B1F0-B978E61ECF2B}.Release|Any CPU.Build.0 = Release|Any CPU
		{CB7EFD42-DE83-4108-B1F0-B978E61ECF2B}.Release|Mixed Platforms.ActiveCfg = Release|Any CPU
		{CB7EFD42-DE83-4108-B1F0-B978E61ECF2B}.Release|Mixed Platforms.Build.0 = Release|Any CPU
		{CB7EFD42-DE83-4108-B1F0-B978E61ECF2B}.Release|x86.ActiveCfg = Release|Any CPU
		{CF3B012A-360F-40CA-97C4-D066EED1FF4E}.Debug|Any CPU.ActiveCfg = Debug|Any CPU
		{CF3B012A-360F-40CA-97C4-D066EED1FF4E}.Debug|Any CPU.Build.0 = Debug|Any CPU
		{CF3B012A-360F-40CA-97C4-D066EED1FF4E}.Debug|Mixed Platforms.ActiveCfg = Debug|Any CPU
		{CF3B012A-360F-40CA-97C4-D066EED1FF4E}.Debug|Mixed Platforms.Build.0 = Debug|Any CPU
		{CF3B012A-360F-40CA-97C4-D066EED1FF4E}.Debug|x86.ActiveCfg = Debug|Any CPU
		{CF3B012A-360F-40CA-97C4-D066EED1FF4E}.Release|Any CPU.ActiveCfg = Release|Any CPU
		{CF3B012A-360F-40CA-97C4-D066EED1FF4E}.Release|Any CPU.Build.0 = Release|Any CPU
		{CF3B012A-360F-40CA-97C4-D066EED1FF4E}.Release|Mixed Platforms.ActiveCfg = Release|Any CPU
		{CF3B012A-360F-40CA-97C4-D066EED1FF4E}.Release|Mixed Platforms.Build.0 = Release|Any CPU
		{CF3B012A-360F-40CA-97C4-D066EED1FF4E}.Release|x86.ActiveCfg = Release|Any CPU
		{E848D289-1D47-4FF4-A846-E41B33A44947}.Debug|Any CPU.ActiveCfg = Debug|Any CPU
		{E848D289-1D47-4FF4-A846-E41B33A44947}.Debug|Any CPU.Build.0 = Debug|Any CPU
		{E848D289-1D47-4FF4-A846-E41B33A44947}.Debug|Mixed Platforms.ActiveCfg = Debug|Any CPU
		{E848D289-1D47-4FF4-A846-E41B33A44947}.Debug|Mixed Platforms.Build.0 = Debug|Any CPU
		{E848D289-1D47-4FF4-A846-E41B33A44947}.Debug|x86.ActiveCfg = Debug|Any CPU
		{E848D289-1D47-4FF4-A846-E41B33A44947}.Release|Any CPU.ActiveCfg = Release|Any CPU
		{E848D289-1D47-4FF4-A846-E41B33A44947}.Release|Any CPU.Build.0 = Release|Any CPU
		{E848D289-1D47-4FF4-A846-E41B33A44947}.Release|Mixed Platforms.ActiveCfg = Release|Any CPU
		{E848D289-1D47-4FF4-A846-E41B33A44947}.Release|Mixed Platforms.Build.0 = Release|Any CPU
		{E848D289-1D47-4FF4-A846-E41B33A44947}.Release|x86.ActiveCfg = Release|Any CPU
		{36AB6FB0-A1DA-4D8C-9735-BA7AC5A9C103}.Debug|Any CPU.ActiveCfg = Debug|Any CPU
		{36AB6FB0-A1DA-4D8C-9735-BA7AC5A9C103}.Debug|Any CPU.Build.0 = Debug|Any CPU
		{36AB6FB0-A1DA-4D8C-9735-BA7AC5A9C103}.Debug|Mixed Platforms.ActiveCfg = Debug|Any CPU
		{36AB6FB0-A1DA-4D8C-9735-BA7AC5A9C103}.Debug|Mixed Platforms.Build.0 = Debug|Any CPU
		{36AB6FB0-A1DA-4D8C-9735-BA7AC5A9C103}.Debug|x86.ActiveCfg = Debug|Any CPU
		{36AB6FB0-A1DA-4D8C-9735-BA7AC5A9C103}.Release|Any CPU.ActiveCfg = Release|Any CPU
		{36AB6FB0-A1DA-4D8C-9735-BA7AC5A9C103}.Release|Any CPU.Build.0 = Release|Any CPU
		{36AB6FB0-A1DA-4D8C-9735-BA7AC5A9C103}.Release|Mixed Platforms.ActiveCfg = Release|Any CPU
		{36AB6FB0-A1DA-4D8C-9735-BA7AC5A9C103}.Release|Mixed Platforms.Build.0 = Release|Any CPU
		{36AB6FB0-A1DA-4D8C-9735-BA7AC5A9C103}.Release|x86.ActiveCfg = Release|Any CPU
		{185ECC27-8809-49B1-A0D9-5FD1050C1BBE}.Debug|Any CPU.ActiveCfg = Debug|Any CPU
		{185ECC27-8809-49B1-A0D9-5FD1050C1BBE}.Debug|Any CPU.Build.0 = Debug|Any CPU
		{185ECC27-8809-49B1-A0D9-5FD1050C1BBE}.Debug|Mixed Platforms.ActiveCfg = Debug|Any CPU
		{185ECC27-8809-49B1-A0D9-5FD1050C1BBE}.Debug|Mixed Platforms.Build.0 = Debug|Any CPU
		{185ECC27-8809-49B1-A0D9-5FD1050C1BBE}.Debug|x86.ActiveCfg = Debug|Any CPU
		{185ECC27-8809-49B1-A0D9-5FD1050C1BBE}.Release|Any CPU.ActiveCfg = Release|Any CPU
		{185ECC27-8809-49B1-A0D9-5FD1050C1BBE}.Release|Any CPU.Build.0 = Release|Any CPU
		{185ECC27-8809-49B1-A0D9-5FD1050C1BBE}.Release|Mixed Platforms.ActiveCfg = Release|Any CPU
		{185ECC27-8809-49B1-A0D9-5FD1050C1BBE}.Release|Mixed Platforms.Build.0 = Release|Any CPU
		{185ECC27-8809-49B1-A0D9-5FD1050C1BBE}.Release|x86.ActiveCfg = Release|Any CPU
		{57984D76-7332-4F92-9CE3-365876675091}.Debug|Any CPU.ActiveCfg = Debug|Any CPU
		{57984D76-7332-4F92-9CE3-365876675091}.Debug|Any CPU.Build.0 = Debug|Any CPU
		{57984D76-7332-4F92-9CE3-365876675091}.Debug|Mixed Platforms.ActiveCfg = Debug|Any CPU
		{57984D76-7332-4F92-9CE3-365876675091}.Debug|Mixed Platforms.Build.0 = Debug|Any CPU
		{57984D76-7332-4F92-9CE3-365876675091}.Debug|x86.ActiveCfg = Debug|Any CPU
		{57984D76-7332-4F92-9CE3-365876675091}.Release|Any CPU.ActiveCfg = Release|Any CPU
		{57984D76-7332-4F92-9CE3-365876675091}.Release|Any CPU.Build.0 = Release|Any CPU
		{57984D76-7332-4F92-9CE3-365876675091}.Release|Mixed Platforms.ActiveCfg = Release|Any CPU
		{57984D76-7332-4F92-9CE3-365876675091}.Release|Mixed Platforms.Build.0 = Release|Any CPU
		{57984D76-7332-4F92-9CE3-365876675091}.Release|x86.ActiveCfg = Release|Any CPU
		{C568AECC-799A-441D-85FA-82EE1D429CBB}.Debug|Any CPU.ActiveCfg = Debug|Any CPU
		{C568AECC-799A-441D-85FA-82EE1D429CBB}.Debug|Any CPU.Build.0 = Debug|Any CPU
		{C568AECC-799A-441D-85FA-82EE1D429CBB}.Debug|Mixed Platforms.ActiveCfg = Debug|Any CPU
		{C568AECC-799A-441D-85FA-82EE1D429CBB}.Debug|Mixed Platforms.Build.0 = Debug|Any CPU
		{C568AECC-799A-441D-85FA-82EE1D429CBB}.Debug|x86.ActiveCfg = Debug|Any CPU
		{C568AECC-799A-441D-85FA-82EE1D429CBB}.Release|Any CPU.ActiveCfg = Release|Any CPU
		{C568AECC-799A-441D-85FA-82EE1D429CBB}.Release|Any CPU.Build.0 = Release|Any CPU
		{C568AECC-799A-441D-85FA-82EE1D429CBB}.Release|Mixed Platforms.ActiveCfg = Release|Any CPU
		{C568AECC-799A-441D-85FA-82EE1D429CBB}.Release|Mixed Platforms.Build.0 = Release|Any CPU
		{C568AECC-799A-441D-85FA-82EE1D429CBB}.Release|x86.ActiveCfg = Release|Any CPU
		{BD959F13-8DCB-4234-94E0-68D49EB412E4}.Debug|Any CPU.ActiveCfg = Debug|Any CPU
		{BD959F13-8DCB-4234-94E0-68D49EB412E4}.Debug|Any CPU.Build.0 = Debug|Any CPU
		{BD959F13-8DCB-4234-94E0-68D49EB412E4}.Debug|Mixed Platforms.ActiveCfg = Debug|Any CPU
		{BD959F13-8DCB-4234-94E0-68D49EB412E4}.Debug|Mixed Platforms.Build.0 = Debug|Any CPU
		{BD959F13-8DCB-4234-94E0-68D49EB412E4}.Debug|x86.ActiveCfg = Debug|Any CPU
		{BD959F13-8DCB-4234-94E0-68D49EB412E4}.Release|Any CPU.ActiveCfg = Release|Any CPU
		{BD959F13-8DCB-4234-94E0-68D49EB412E4}.Release|Any CPU.Build.0 = Release|Any CPU
		{BD959F13-8DCB-4234-94E0-68D49EB412E4}.Release|Mixed Platforms.ActiveCfg = Release|Any CPU
		{BD959F13-8DCB-4234-94E0-68D49EB412E4}.Release|Mixed Platforms.Build.0 = Release|Any CPU
		{BD959F13-8DCB-4234-94E0-68D49EB412E4}.Release|x86.ActiveCfg = Release|Any CPU
		{4344B251-B04A-45A8-8A6E-703C347D036B}.Debug|Any CPU.ActiveCfg = Debug|Any CPU
		{4344B251-B04A-45A8-8A6E-703C347D036B}.Debug|Any CPU.Build.0 = Debug|Any CPU
		{4344B251-B04A-45A8-8A6E-703C347D036B}.Debug|Mixed Platforms.ActiveCfg = Debug|Any CPU
		{4344B251-B04A-45A8-8A6E-703C347D036B}.Debug|Mixed Platforms.Build.0 = Debug|Any CPU
		{4344B251-B04A-45A8-8A6E-703C347D036B}.Debug|x86.ActiveCfg = Debug|Any CPU
		{4344B251-B04A-45A8-8A6E-703C347D036B}.Release|Any CPU.ActiveCfg = Release|Any CPU
		{4344B251-B04A-45A8-8A6E-703C347D036B}.Release|Any CPU.Build.0 = Release|Any CPU
		{4344B251-B04A-45A8-8A6E-703C347D036B}.Release|Mixed Platforms.ActiveCfg = Release|Any CPU
		{4344B251-B04A-45A8-8A6E-703C347D036B}.Release|Mixed Platforms.Build.0 = Release|Any CPU
		{4344B251-B04A-45A8-8A6E-703C347D036B}.Release|x86.ActiveCfg = Release|Any CPU
		{DA1750FE-9EDF-40DD-879B-047EBB9A8A5B}.Debug|Any CPU.ActiveCfg = Debug|Any CPU
		{DA1750FE-9EDF-40DD-879B-047EBB9A8A5B}.Debug|Any CPU.Build.0 = Debug|Any CPU
		{DA1750FE-9EDF-40DD-879B-047EBB9A8A5B}.Debug|Mixed Platforms.ActiveCfg = Debug|Any CPU
		{DA1750FE-9EDF-40DD-879B-047EBB9A8A5B}.Debug|Mixed Platforms.Build.0 = Debug|Any CPU
		{DA1750FE-9EDF-40DD-879B-047EBB9A8A5B}.Debug|x86.ActiveCfg = Debug|Any CPU
		{DA1750FE-9EDF-40DD-879B-047EBB9A8A5B}.Release|Any CPU.ActiveCfg = Release|Any CPU
		{DA1750FE-9EDF-40DD-879B-047EBB9A8A5B}.Release|Any CPU.Build.0 = Release|Any CPU
		{DA1750FE-9EDF-40DD-879B-047EBB9A8A5B}.Release|Mixed Platforms.ActiveCfg = Release|Any CPU
		{DA1750FE-9EDF-40DD-879B-047EBB9A8A5B}.Release|Mixed Platforms.Build.0 = Release|Any CPU
		{DA1750FE-9EDF-40DD-879B-047EBB9A8A5B}.Release|x86.ActiveCfg = Release|Any CPU
		{75781F65-48E6-42B2-BBC1-1433D566B05D}.Debug|Any CPU.ActiveCfg = Debug|Any CPU
		{75781F65-48E6-42B2-BBC1-1433D566B05D}.Debug|Any CPU.Build.0 = Debug|Any CPU
		{75781F65-48E6-42B2-BBC1-1433D566B05D}.Debug|Mixed Platforms.ActiveCfg = Debug|Any CPU
		{75781F65-48E6-42B2-BBC1-1433D566B05D}.Debug|Mixed Platforms.Build.0 = Debug|Any CPU
		{75781F65-48E6-42B2-BBC1-1433D566B05D}.Debug|x86.ActiveCfg = Debug|Any CPU
		{75781F65-48E6-42B2-BBC1-1433D566B05D}.Release|Any CPU.ActiveCfg = Release|Any CPU
		{75781F65-48E6-42B2-BBC1-1433D566B05D}.Release|Any CPU.Build.0 = Release|Any CPU
		{75781F65-48E6-42B2-BBC1-1433D566B05D}.Release|Mixed Platforms.ActiveCfg = Release|Any CPU
		{75781F65-48E6-42B2-BBC1-1433D566B05D}.Release|Mixed Platforms.Build.0 = Release|Any CPU
		{75781F65-48E6-42B2-BBC1-1433D566B05D}.Release|x86.ActiveCfg = Release|Any CPU
		{45CAB397-F7AF-4D48-8FF3-0E7CD7EF9B55}.Debug|Any CPU.ActiveCfg = Debug|Any CPU
		{45CAB397-F7AF-4D48-8FF3-0E7CD7EF9B55}.Debug|Any CPU.Build.0 = Debug|Any CPU
		{45CAB397-F7AF-4D48-8FF3-0E7CD7EF9B55}.Debug|Mixed Platforms.ActiveCfg = Debug|Any CPU
		{45CAB397-F7AF-4D48-8FF3-0E7CD7EF9B55}.Debug|Mixed Platforms.Build.0 = Debug|Any CPU
		{45CAB397-F7AF-4D48-8FF3-0E7CD7EF9B55}.Debug|x86.ActiveCfg = Debug|Any CPU
		{45CAB397-F7AF-4D48-8FF3-0E7CD7EF9B55}.Release|Any CPU.ActiveCfg = Release|Any CPU
		{45CAB397-F7AF-4D48-8FF3-0E7CD7EF9B55}.Release|Any CPU.Build.0 = Release|Any CPU
		{45CAB397-F7AF-4D48-8FF3-0E7CD7EF9B55}.Release|Mixed Platforms.ActiveCfg = Release|Any CPU
		{45CAB397-F7AF-4D48-8FF3-0E7CD7EF9B55}.Release|Mixed Platforms.Build.0 = Release|Any CPU
		{45CAB397-F7AF-4D48-8FF3-0E7CD7EF9B55}.Release|x86.ActiveCfg = Release|Any CPU
		{8077D20A-3F42-4F62-BC20-86773958E5A0}.Debug|Any CPU.ActiveCfg = Debug|Any CPU
		{8077D20A-3F42-4F62-BC20-86773958E5A0}.Debug|Any CPU.Build.0 = Debug|Any CPU
		{8077D20A-3F42-4F62-BC20-86773958E5A0}.Debug|Mixed Platforms.ActiveCfg = Debug|Any CPU
		{8077D20A-3F42-4F62-BC20-86773958E5A0}.Debug|Mixed Platforms.Build.0 = Debug|Any CPU
		{8077D20A-3F42-4F62-BC20-86773958E5A0}.Debug|x86.ActiveCfg = Debug|Any CPU
		{8077D20A-3F42-4F62-BC20-86773958E5A0}.Release|Any CPU.ActiveCfg = Release|Any CPU
		{8077D20A-3F42-4F62-BC20-86773958E5A0}.Release|Any CPU.Build.0 = Release|Any CPU
		{8077D20A-3F42-4F62-BC20-86773958E5A0}.Release|Mixed Platforms.ActiveCfg = Release|Any CPU
		{8077D20A-3F42-4F62-BC20-86773958E5A0}.Release|Mixed Platforms.Build.0 = Release|Any CPU
		{8077D20A-3F42-4F62-BC20-86773958E5A0}.Release|x86.ActiveCfg = Release|Any CPU
		{6E96373E-AB6B-4FCA-8A38-D97B4FADF8A9}.Debug|Any CPU.ActiveCfg = Debug|Any CPU
		{6E96373E-AB6B-4FCA-8A38-D97B4FADF8A9}.Debug|Any CPU.Build.0 = Debug|Any CPU
		{6E96373E-AB6B-4FCA-8A38-D97B4FADF8A9}.Debug|Mixed Platforms.ActiveCfg = Debug|Any CPU
		{6E96373E-AB6B-4FCA-8A38-D97B4FADF8A9}.Debug|Mixed Platforms.Build.0 = Debug|Any CPU
		{6E96373E-AB6B-4FCA-8A38-D97B4FADF8A9}.Debug|x86.ActiveCfg = Debug|Any CPU
		{6E96373E-AB6B-4FCA-8A38-D97B4FADF8A9}.Release|Any CPU.ActiveCfg = Release|Any CPU
		{6E96373E-AB6B-4FCA-8A38-D97B4FADF8A9}.Release|Any CPU.Build.0 = Release|Any CPU
		{6E96373E-AB6B-4FCA-8A38-D97B4FADF8A9}.Release|Mixed Platforms.ActiveCfg = Release|Any CPU
		{6E96373E-AB6B-4FCA-8A38-D97B4FADF8A9}.Release|Mixed Platforms.Build.0 = Release|Any CPU
		{6E96373E-AB6B-4FCA-8A38-D97B4FADF8A9}.Release|x86.ActiveCfg = Release|Any CPU
		{E0E89AF1-6B9E-4FEF-B7AD-B4A7FE17B80A}.Debug|Any CPU.ActiveCfg = Debug|Any CPU
		{E0E89AF1-6B9E-4FEF-B7AD-B4A7FE17B80A}.Debug|Any CPU.Build.0 = Debug|Any CPU
		{E0E89AF1-6B9E-4FEF-B7AD-B4A7FE17B80A}.Debug|Mixed Platforms.ActiveCfg = Debug|Any CPU
		{E0E89AF1-6B9E-4FEF-B7AD-B4A7FE17B80A}.Debug|Mixed Platforms.Build.0 = Debug|Any CPU
		{E0E89AF1-6B9E-4FEF-B7AD-B4A7FE17B80A}.Debug|x86.ActiveCfg = Debug|Any CPU
		{E0E89AF1-6B9E-4FEF-B7AD-B4A7FE17B80A}.Release|Any CPU.ActiveCfg = Release|Any CPU
		{E0E89AF1-6B9E-4FEF-B7AD-B4A7FE17B80A}.Release|Any CPU.Build.0 = Release|Any CPU
		{E0E89AF1-6B9E-4FEF-B7AD-B4A7FE17B80A}.Release|Mixed Platforms.ActiveCfg = Release|Any CPU
		{E0E89AF1-6B9E-4FEF-B7AD-B4A7FE17B80A}.Release|Mixed Platforms.Build.0 = Release|Any CPU
		{E0E89AF1-6B9E-4FEF-B7AD-B4A7FE17B80A}.Release|x86.ActiveCfg = Release|Any CPU
		{7F426EFB-7ACE-4673-A111-7CABD0B66F47}.Debug|Any CPU.ActiveCfg = Debug|Any CPU
		{7F426EFB-7ACE-4673-A111-7CABD0B66F47}.Debug|Any CPU.Build.0 = Debug|Any CPU
		{7F426EFB-7ACE-4673-A111-7CABD0B66F47}.Debug|Mixed Platforms.ActiveCfg = Debug|Any CPU
		{7F426EFB-7ACE-4673-A111-7CABD0B66F47}.Debug|Mixed Platforms.Build.0 = Debug|Any CPU
		{7F426EFB-7ACE-4673-A111-7CABD0B66F47}.Debug|x86.ActiveCfg = Debug|Any CPU
		{7F426EFB-7ACE-4673-A111-7CABD0B66F47}.Release|Any CPU.ActiveCfg = Release|Any CPU
		{7F426EFB-7ACE-4673-A111-7CABD0B66F47}.Release|Any CPU.Build.0 = Release|Any CPU
		{7F426EFB-7ACE-4673-A111-7CABD0B66F47}.Release|Mixed Platforms.ActiveCfg = Release|Any CPU
		{7F426EFB-7ACE-4673-A111-7CABD0B66F47}.Release|Mixed Platforms.Build.0 = Release|Any CPU
		{7F426EFB-7ACE-4673-A111-7CABD0B66F47}.Release|x86.ActiveCfg = Release|Any CPU
		{8D05B8FB-3181-4531-AA92-4BBB6B064E80}.Debug|Any CPU.ActiveCfg = Debug|x86
		{8D05B8FB-3181-4531-AA92-4BBB6B064E80}.Debug|Mixed Platforms.ActiveCfg = Debug|x86
		{8D05B8FB-3181-4531-AA92-4BBB6B064E80}.Debug|Mixed Platforms.Build.0 = Debug|x86
		{8D05B8FB-3181-4531-AA92-4BBB6B064E80}.Debug|x86.ActiveCfg = Debug|x86
		{8D05B8FB-3181-4531-AA92-4BBB6B064E80}.Debug|x86.Build.0 = Debug|x86
		{8D05B8FB-3181-4531-AA92-4BBB6B064E80}.Release|Any CPU.ActiveCfg = Release|x86
		{8D05B8FB-3181-4531-AA92-4BBB6B064E80}.Release|Mixed Platforms.ActiveCfg = Release|x86
		{8D05B8FB-3181-4531-AA92-4BBB6B064E80}.Release|Mixed Platforms.Build.0 = Release|x86
		{8D05B8FB-3181-4531-AA92-4BBB6B064E80}.Release|x86.ActiveCfg = Release|x86
		{8D05B8FB-3181-4531-AA92-4BBB6B064E80}.Release|x86.Build.0 = Release|x86
		{FA2EF64A-7D76-4902-B475-4D71DDD346A8}.Debug|Any CPU.ActiveCfg = Debug|x86
		{FA2EF64A-7D76-4902-B475-4D71DDD346A8}.Debug|Mixed Platforms.ActiveCfg = Debug|x86
		{FA2EF64A-7D76-4902-B475-4D71DDD346A8}.Debug|Mixed Platforms.Build.0 = Debug|x86
		{FA2EF64A-7D76-4902-B475-4D71DDD346A8}.Debug|x86.ActiveCfg = Debug|x86
		{FA2EF64A-7D76-4902-B475-4D71DDD346A8}.Debug|x86.Build.0 = Debug|x86
		{FA2EF64A-7D76-4902-B475-4D71DDD346A8}.Release|Any CPU.ActiveCfg = Release|x86
		{FA2EF64A-7D76-4902-B475-4D71DDD346A8}.Release|Mixed Platforms.ActiveCfg = Release|x86
		{FA2EF64A-7D76-4902-B475-4D71DDD346A8}.Release|Mixed Platforms.Build.0 = Release|x86
		{FA2EF64A-7D76-4902-B475-4D71DDD346A8}.Release|x86.ActiveCfg = Release|x86
		{FA2EF64A-7D76-4902-B475-4D71DDD346A8}.Release|x86.Build.0 = Release|x86
	EndGlobalSection
	GlobalSection(SolutionProperties) = preSolution
		HideSolutionNode = FALSE
	EndGlobalSection
	GlobalSection(NestedProjects) = preSolution
		{57984D76-7332-4F92-9CE3-365876675091} = {2DC4C0C3-16D9-4BE7-8E65-97B0858CF54B}
		{C568AECC-799A-441D-85FA-82EE1D429CBB} = {2DC4C0C3-16D9-4BE7-8E65-97B0858CF54B}
		{4344B251-B04A-45A8-8A6E-703C347D036B} = {37F06C41-FD6B-43B9-B94F-7A98FBB03A4C}
		{DA1750FE-9EDF-40DD-879B-047EBB9A8A5B} = {37F06C41-FD6B-43B9-B94F-7A98FBB03A4C}
		{75781F65-48E6-42B2-BBC1-1433D566B05D} = {37F06C41-FD6B-43B9-B94F-7A98FBB03A4C}
		{45CAB397-F7AF-4D48-8FF3-0E7CD7EF9B55} = {B2237257-C1A6-4C20-80EC-6E9D33330356}
		{8077D20A-3F42-4F62-BC20-86773958E5A0} = {B2237257-C1A6-4C20-80EC-6E9D33330356}
		{6E96373E-AB6B-4FCA-8A38-D97B4FADF8A9} = {B2237257-C1A6-4C20-80EC-6E9D33330356}
		{8D05B8FB-3181-4531-AA92-4BBB6B064E80} = {91986F78-2838-491C-94A5-39D630C34DF7}
		{FA2EF64A-7D76-4902-B475-4D71DDD346A8} = {91986F78-2838-491C-94A5-39D630C34DF7}
		{E0E89AF1-6B9E-4FEF-B7AD-B4A7FE17B80A} = {2E56DFC7-FA18-4917-9D52-6F62115E46D5}
		{7F426EFB-7ACE-4673-A111-7CABD0B66F47} = {2E56DFC7-FA18-4917-9D52-6F62115E46D5}
		{BD959F13-8DCB-4234-94E0-68D49EB412E4} = {56D483E3-CD18-4A26-9953-11979F1AB6E0}
		{A369AD97-2002-4704-9727-F551BD85C4B0} = {301D1262-A355-48B3-9445-4DAA67788F6D}
		{61DA42EC-9999-44EF-8707-6BEA7B179E40} = {301D1262-A355-48B3-9445-4DAA67788F6D}
		{E848D289-1D47-4FF4-A846-E41B33A44947} = {A369AD97-2002-4704-9727-F551BD85C4B0}
		{36AB6FB0-A1DA-4D8C-9735-BA7AC5A9C103} = {A369AD97-2002-4704-9727-F551BD85C4B0}
		{185ECC27-8809-49B1-A0D9-5FD1050C1BBE} = {A369AD97-2002-4704-9727-F551BD85C4B0}
		{7982F693-A342-43F7-A3E0-80656AD993A3} = {61DA42EC-9999-44EF-8707-6BEA7B179E40}
		{CB7EFD42-DE83-4108-B1F0-B978E61ECF2B} = {61DA42EC-9999-44EF-8707-6BEA7B179E40}
		{CF3B012A-360F-40CA-97C4-D066EED1FF4E} = {61DA42EC-9999-44EF-8707-6BEA7B179E40}
	EndGlobalSection
EndGlobal
